PODS:
  - Flutter (1.0.0)
  - flutter_plugin_lagi (0.0.1):
    - Flutter

DEPENDENCIES:
  - Flutter (from `.symlinks/flutter/ios`)
  - flutter_plugin_lagi (from `.symlinks/plugins/flutter_plugin_lagi/ios`)

EXTERNAL SOURCES:
  Flutter:
    :path: ".symlinks/flutter/ios"
  flutter_plugin_lagi:
    :path: ".symlinks/plugins/flutter_plugin_lagi/ios"

SPEC CHECKSUMS:
  Flutter: 0e3d915762c693b495b44d77113d4970485de6ec
  flutter_plugin_lagi: dfd68f57d369a7c077e2ca68034026a3b09ad3b2

PODFILE CHECKSUM: 10ae9c18d12c9ffc2275c9a159a3b1e281990db0

COCOAPODS: 1.6.1
